
Microsoft Visual Studio Solution File, Format Version 12.00
# Visual Studio Version 17
VisualStudioVersion = 17.6.33829.357
MinimumVisualStudioVersion = 10.0.40219.1
Project("{FAE04EC0-301F-11D3-BF4B-00C04F79EFBC}") = "BasicRaytracer", "BasicRaytracer\BasicRaytracer.csproj", "{0D921E1C-8797-4DAA-BDD1-CCA4827BEED0}"
EndProject
Global
	GlobalSection(SolutionConfigurationPlatforms) = preSolution
		Debug|Any CPU = Debug|Any CPU
		Release|Any CPU = Release|Any CPU
	EndGlobalSection
	GlobalSection(ProjectConfigurationPlatforms) = postSolution
		{0D921E1C-8797-4DAA-BDD1-CCA4827BEED0}.Debug|Any CPU.ActiveCfg = Debug|Any CPU
		{0D921E1C-8797-4DAA-BDD1-CCA4827BEED0}.Debug|Any CPU.Build.0 = Debug|Any CPU
		{0D921E1C-8797-4DAA-BDD1-CCA4827BEED0}.Release|Any CPU.ActiveCfg = Release|Any CPU
		{0D921E1C-8797-4DAA-BDD1-CCA4827BEED0}.Release|Any CPU.Build.0 = Release|Any CPU
	EndGlobalSection
	GlobalSection(SolutionProperties) = preSolution
		HideSolutionNode = FALSE
	EndGlobalSection
	GlobalSection(ExtensibilityGlobals) = postSolution
		SolutionGuid = {BE72E6B1-EA01-4103-8551-479E0BB7F33A}
	EndGlobalSection
EndGlobal
